// !$*UTF8*$!
{
	archiveVersion = 1;
	classes = {
	};
	objectVersion = 48;
	objects = {

/* Begin PBXBuildFile section */
		CD08388620BDCD5700D16EE7 /* FilterViewSpec.swift in Sources */ = {isa = PBXBuildFile; fileRef = CD08388520BDCD5700D16EE7 /* FilterViewSpec.swift */; };
		CD08388920BDDD7C00D16EE7 /* FilterViewControllerStub.swift in Sources */ = {isa = PBXBuildFile; fileRef = CD08388820BDDD7C00D16EE7 /* FilterViewControllerStub.swift */; };
		CD08388B20BDDDF000D16EE7 /* FilterViewControllerSpec.swift in Sources */ = {isa = PBXBuildFile; fileRef = CD08388A20BDDDF000D16EE7 /* FilterViewControllerSpec.swift */; };
		CD1D7F42207E7321009722FA /* UIColor+Palette.swift in Sources */ = {isa = PBXBuildFile; fileRef = CD1D7F41207E7321009722FA /* UIColor+Palette.swift */; };
		CD1D7F45207E7360009722FA /* UIImage+Icons.swift in Sources */ = {isa = PBXBuildFile; fileRef = CD1D7F44207E7360009722FA /* UIImage+Icons.swift */; };
		CD27E248208E291600349B46 /* FavoritesDataSource.swift in Sources */ = {isa = PBXBuildFile; fileRef = CD27E247208E291600349B46 /* FavoritesDataSource.swift */; };
		CD27E24A208E291C00349B46 /* FavoriteTableViewCell.swift in Sources */ = {isa = PBXBuildFile; fileRef = CD27E249208E291C00349B46 /* FavoriteTableViewCell.swift */; };
		CD27E24C208E292700349B46 /* FavoritePersistenceService.swift in Sources */ = {isa = PBXBuildFile; fileRef = CD27E24B208E292600349B46 /* FavoritePersistenceService.swift */; };
		CD27E24E208E293000349B46 /* FavoriteTableViewDelegate.swift in Sources */ = {isa = PBXBuildFile; fileRef = CD27E24D208E293000349B46 /* FavoriteTableViewDelegate.swift */; };
		CD27E250208E293600349B46 /* FavoritesViewController.swift in Sources */ = {isa = PBXBuildFile; fileRef = CD27E24F208E293600349B46 /* FavoritesViewController.swift */; };
		CD28AD2620CF0B9000F0D2E0 /* Reusable.swift in Sources */ = {isa = PBXBuildFile; fileRef = CD28AD2520CF0B9000F0D2E0 /* Reusable.swift */; };
		CD28AD2820CF0D2900F0D2E0 /* UICollectionView+Reusable.swift in Sources */ = {isa = PBXBuildFile; fileRef = CD28AD2720CF0D2900F0D2E0 /* UICollectionView+Reusable.swift */; };
		CD28AD2A20CF190A00F0D2E0 /* UITableView+Reusable.swift in Sources */ = {isa = PBXBuildFile; fileRef = CD28AD2920CF190A00F0D2E0 /* UITableView+Reusable.swift */; };
		CD2B9F682093958800C91ECB /* CoreDataHelper.swift in Sources */ = {isa = PBXBuildFile; fileRef = CD2B9F672093958800C91ECB /* CoreDataHelper.swift */; };
		CD2B9F6D20939E3B00C91ECB /* MovieCollectionViewCell.swift in Sources */ = {isa = PBXBuildFile; fileRef = CD2B9F6C20939E3B00C91ECB /* MovieCollectionViewCell.swift */; };
		CD2B9F7420939EDF00C91ECB /* MovieDetailsView.swift in Sources */ = {isa = PBXBuildFile; fileRef = CD2B9F7320939EDF00C91ECB /* MovieDetailsView.swift */; };
		CD2B9F7620939EE500C91ECB /* MovieDetailsDatasource.swift in Sources */ = {isa = PBXBuildFile; fileRef = CD2B9F7520939EE500C91ECB /* MovieDetailsDatasource.swift */; };
		CD2B9F7820939EEB00C91ECB /* MovieDetailsViewController.swift in Sources */ = {isa = PBXBuildFile; fileRef = CD2B9F7720939EEB00C91ECB /* MovieDetailsViewController.swift */; };
		CD2B9F7A2093A07400C91ECB /* FavoriteButton.swift in Sources */ = {isa = PBXBuildFile; fileRef = CD2B9F792093A07400C91ECB /* FavoriteButton.swift */; };
		CD2E098B2092973200275914 /* FavoritesViewControllerSpec.swift in Sources */ = {isa = PBXBuildFile; fileRef = CD2E09892092973200275914 /* FavoritesViewControllerSpec.swift */; };
		CD2E098C2092973200275914 /* FavoritesViewControllerStub.swift in Sources */ = {isa = PBXBuildFile; fileRef = CD2E098A2092973200275914 /* FavoritesViewControllerStub.swift */; };
		CD41C7AB208523CB00BC28C8 /* CollectionViewDelegateSpec.swift in Sources */ = {isa = PBXBuildFile; fileRef = CD41C7A9208523CB00BC28C8 /* CollectionViewDelegateSpec.swift */; };
		CD41C7AC208523CB00BC28C8 /* CollectionViewDelegateStub.swift in Sources */ = {isa = PBXBuildFile; fileRef = CD41C7AA208523CB00BC28C8 /* CollectionViewDelegateStub.swift */; };
		CD5A0C7720AA3F24003D778F /* MovieDetailsViewSpec.swift in Sources */ = {isa = PBXBuildFile; fileRef = CD5A0C7620AA3F24003D778F /* MovieDetailsViewSpec.swift */; };
		CD63A295207E7859009DE53C /* MovieListViewControllerSpec.swift in Sources */ = {isa = PBXBuildFile; fileRef = CD63A294207E7859009DE53C /* MovieListViewControllerSpec.swift */; };
		CD91F9D82073EE96002BB9EE /* CodeView.swift in Sources */ = {isa = PBXBuildFile; fileRef = CD91F9D42073EE96002BB9EE /* CodeView.swift */; };
		CD91F9D92073EE96002BB9EE /* ImageFetchable.swift in Sources */ = {isa = PBXBuildFile; fileRef = CD91F9D52073EE96002BB9EE /* ImageFetchable.swift */; };
		CD91F9DD2073F034002BB9EE /* SnapKit.framework in Frameworks */ = {isa = PBXBuildFile; fileRef = CD91F9DC2073F034002BB9EE /* SnapKit.framework */; };
		CD91F9E52074413C002BB9EE /* MovieListDatasource.swift in Sources */ = {isa = PBXBuildFile; fileRef = CD91F9E42074413C002BB9EE /* MovieListDatasource.swift */; };
		CDA53CE620BDBFBE006EB21F /* FilterSelectorTableViewSpec.swift in Sources */ = {isa = PBXBuildFile; fileRef = CDA53CE520BDBFBE006EB21F /* FilterSelectorTableViewSpec.swift */; };
		CDCF6D11208FC0FA00D05FDF /* FavoriteTableViewDelegateSpec.swift in Sources */ = {isa = PBXBuildFile; fileRef = CDCF6D10208FC0FA00D05FDF /* FavoriteTableViewDelegateSpec.swift */; };
		CDCF6D13208FC10300D05FDF /* FavoriteTableViewDelegateStub.swift in Sources */ = {isa = PBXBuildFile; fileRef = CDCF6D12208FC10300D05FDF /* FavoriteTableViewDelegateStub.swift */; };
		CDCF6D16208FC50600D05FDF /* FavoriteDataSourceSpec.swift in Sources */ = {isa = PBXBuildFile; fileRef = CDCF6D15208FC50600D05FDF /* FavoriteDataSourceSpec.swift */; };
		CDCF6D18208FC52600D05FDF /* FavoriteDataSourceStub.swift in Sources */ = {isa = PBXBuildFile; fileRef = CDCF6D17208FC52600D05FDF /* FavoriteDataSourceStub.swift */; };
		CDD41601206ABB9400988317 /* AppDelegate.swift in Sources */ = {isa = PBXBuildFile; fileRef = CDD41600206ABB9400988317 /* AppDelegate.swift */; };
		CDD41606206ABB9400988317 /* Main.storyboard in Resources */ = {isa = PBXBuildFile; fileRef = CDD41604206ABB9400988317 /* Main.storyboard */; };
		CDD41609206ABB9400988317 /* Team4Bootcamp.xcdatamodeld in Sources */ = {isa = PBXBuildFile; fileRef = CDD41607206ABB9400988317 /* Team4Bootcamp.xcdatamodeld */; };
		CDD4160B206ABB9400988317 /* Assets.xcassets in Resources */ = {isa = PBXBuildFile; fileRef = CDD4160A206ABB9400988317 /* Assets.xcassets */; };
		CDD4160E206ABB9400988317 /* LaunchScreen.storyboard in Resources */ = {isa = PBXBuildFile; fileRef = CDD4160C206ABB9400988317 /* LaunchScreen.storyboard */; };
		CDD41619206ABB9400988317 /* Team4BootcampTests.swift in Sources */ = {isa = PBXBuildFile; fileRef = CDD41618206ABB9400988317 /* Team4BootcampTests.swift */; };
		CDD41624206ABB9400988317 /* Team4BootcampUITests.swift in Sources */ = {isa = PBXBuildFile; fileRef = CDD41623206ABB9400988317 /* Team4BootcampUITests.swift */; };
		CDD41634206B110300988317 /* Movie.swift in Sources */ = {isa = PBXBuildFile; fileRef = CDD41633206B110300988317 /* Movie.swift */; };
		CDD4163B206C491500988317 /* MovieListViewController.swift in Sources */ = {isa = PBXBuildFile; fileRef = CDD4163A206C491500988317 /* MovieListViewController.swift */; };
		CDE3C3B420C1F261000A26B6 /* TabBarDelegate.swift in Sources */ = {isa = PBXBuildFile; fileRef = CDE3C3B320C1F261000A26B6 /* TabBarDelegate.swift */; };
		EA0AA958208686370039C195 /* CellConstants.swift in Sources */ = {isa = PBXBuildFile; fileRef = EA0AA957208686370039C195 /* CellConstants.swift */; };
		EA1B563B2078022F00390669 /* Date+String.swift in Sources */ = {isa = PBXBuildFile; fileRef = EA1B563A2078022F00390669 /* Date+String.swift */; };
		EA284CC0206D0D0200E4D7CD /* MoviesProtocol.swift in Sources */ = {isa = PBXBuildFile; fileRef = EA284CBF206D0D0200E4D7CD /* MoviesProtocol.swift */; };
		EA284CC2206D0ED400E4D7CD /* Result.swift in Sources */ = {isa = PBXBuildFile; fileRef = EA284CC1206D0ED400E4D7CD /* Result.swift */; };
		EA284CC4206D106B00E4D7CD /* MoviesAPI.swift in Sources */ = {isa = PBXBuildFile; fileRef = EA284CC3206D106B00E4D7CD /* MoviesAPI.swift */; };
		EA284CC6206D137200E4D7CD /* APIConstants.swift in Sources */ = {isa = PBXBuildFile; fileRef = EA284CC5206D137200E4D7CD /* APIConstants.swift */; };
		EA28EFBD20790A88006EB8CB /* MoviesAPIStub.swift in Sources */ = {isa = PBXBuildFile; fileRef = EA28EFBC20790A88006EB8CB /* MoviesAPIStub.swift */; };
		EA28EFBF207BCEAC006EB8CB /* MovieListWrapper.swift in Sources */ = {isa = PBXBuildFile; fileRef = EA28EFBE207BCEAC006EB8CB /* MovieListWrapper.swift */; };
		EA28EFC1207BCF0A006EB8CB /* GenresWrapper.swift in Sources */ = {isa = PBXBuildFile; fileRef = EA28EFC0207BCF0A006EB8CB /* GenresWrapper.swift */; };
		EA32507E207507980018BB28 /* CollectionViewDelegate.swift in Sources */ = {isa = PBXBuildFile; fileRef = EA32507D207507980018BB28 /* CollectionViewDelegate.swift */; };
		EA4FB5142078313E00C9D47D /* Nimble.framework in Frameworks */ = {isa = PBXBuildFile; fileRef = EA4FB50D207822EA00C9D47D /* Nimble.framework */; };
		EA4FB5152078313E00C9D47D /* Quick.framework in Frameworks */ = {isa = PBXBuildFile; fileRef = EA4FB50E207822EA00C9D47D /* Quick.framework */; };
		EA4FB5182078316700C9D47D /* Nimble.framework in CopyFiles */ = {isa = PBXBuildFile; fileRef = EA4FB50D207822EA00C9D47D /* Nimble.framework */; settings = {ATTRIBUTES = (CodeSignOnCopy, RemoveHeadersOnCopy, ); }; };
		EA4FB5192078316700C9D47D /* Quick.framework in CopyFiles */ = {isa = PBXBuildFile; fileRef = EA4FB50E207822EA00C9D47D /* Quick.framework */; settings = {ATTRIBUTES = (CodeSignOnCopy, RemoveHeadersOnCopy, ); }; };
		EA4FB51D2078339900C9D47D /* MoviesAPISpec.swift in Sources */ = {isa = PBXBuildFile; fileRef = EA4FB51C2078339900C9D47D /* MoviesAPISpec.swift */; };
		EA639ADB20975239006AC900 /* Team4Bootcamp.xcdatamodeld in Sources */ = {isa = PBXBuildFile; fileRef = CDD41607206ABB9400988317 /* Team4Bootcamp.xcdatamodeld */; };
		EA639ADE209752AA006AC900 /* FavoritePersistenceServiceSpec.swift in Sources */ = {isa = PBXBuildFile; fileRef = EA639ADD209752AA006AC900 /* FavoritePersistenceServiceSpec.swift */; };
		EA6B116320B43C180014409F /* NSManagedContext+CRUD.swift in Sources */ = {isa = PBXBuildFile; fileRef = EA6B116220B43C180014409F /* NSManagedContext+CRUD.swift */; };
		EA71E3A0206BE70100970A47 /* Kingfisher.framework in Frameworks */ = {isa = PBXBuildFile; fileRef = EA71E39E206BE70100970A47 /* Kingfisher.framework */; };
		EA7A7D7C20855D9F00F8C637 /* PersistenceConstants.swift in Sources */ = {isa = PBXBuildFile; fileRef = EA7A7D7B20855D9F00F8C637 /* PersistenceConstants.swift */; };
		EA7B5F4D208F762100414C9B /* MovieListManager.swift in Sources */ = {isa = PBXBuildFile; fileRef = EA7B5F4C208F762100414C9B /* MovieListManager.swift */; };
		EA7BC84120D1942200D13F93 /* Endpoint.swift in Sources */ = {isa = PBXBuildFile; fileRef = EA7BC84020D1942200D13F93 /* Endpoint.swift */; };
		EA7BC84320D194E300D13F93 /* Connection.swift in Sources */ = {isa = PBXBuildFile; fileRef = EA7BC84220D194E300D13F93 /* Connection.swift */; };
		EA7BDBCA20B725790022F128 /* GenreDAO+CoreDataClass.swift in Sources */ = {isa = PBXBuildFile; fileRef = EA7BDBC820B725790022F128 /* GenreDAO+CoreDataClass.swift */; };
		EA7BDBCB20B725790022F128 /* GenreDAO+CoreDataProperties.swift in Sources */ = {isa = PBXBuildFile; fileRef = EA7BDBC920B725790022F128 /* GenreDAO+CoreDataProperties.swift */; };
		EA7BDBCE20B7259B0022F128 /* MovieDAO+CoreDataClass.swift in Sources */ = {isa = PBXBuildFile; fileRef = EA7BDBCC20B7259B0022F128 /* MovieDAO+CoreDataClass.swift */; };
		EA7BDBCF20B7259B0022F128 /* MovieDAO+CoreDataProperties.swift in Sources */ = {isa = PBXBuildFile; fileRef = EA7BDBCD20B7259B0022F128 /* MovieDAO+CoreDataProperties.swift */; };
		EA7D5A0520A1C35C00DF4A72 /* FilterSelectorTableView.swift in Sources */ = {isa = PBXBuildFile; fileRef = EA7D5A0420A1C35C00DF4A72 /* FilterSelectorTableView.swift */; };
		EA7D5A0720A1D0E500DF4A72 /* FilterSelectorTableViewCell.swift in Sources */ = {isa = PBXBuildFile; fileRef = EA7D5A0620A1D0E500DF4A72 /* FilterSelectorTableViewCell.swift */; };
		EA7D5A0920A1D0F100DF4A72 /* FilterSelectorViewController.swift in Sources */ = {isa = PBXBuildFile; fileRef = EA7D5A0820A1D0F100DF4A72 /* FilterSelectorViewController.swift */; };
		EA80B14C209C9701009A0CBC /* FilterViewController.swift in Sources */ = {isa = PBXBuildFile; fileRef = EA80B14B209C9701009A0CBC /* FilterViewController.swift */; };
		EA80B14E209C975B009A0CBC /* FilterView.swift in Sources */ = {isa = PBXBuildFile; fileRef = EA80B14D209C975B009A0CBC /* FilterView.swift */; };
		EA88DFDF207CE05100FFF0B1 /* SearchBarDelegate.swift in Sources */ = {isa = PBXBuildFile; fileRef = EA88DFDE207CE05100FFF0B1 /* SearchBarDelegate.swift */; };
		EA904EA020AB2F6F00181C8E /* MovieCollectionViewCellSpec.swift in Sources */ = {isa = PBXBuildFile; fileRef = EA904E9F20AB2F6F00181C8E /* MovieCollectionViewCellSpec.swift */; };
		EA904EA220AB469300181C8E /* Nimble_Snapshots.framework in Frameworks */ = {isa = PBXBuildFile; fileRef = EACD6B0220AA494B00A3DF57 /* Nimble_Snapshots.framework */; };
		EA904EA320AB469B00181C8E /* Nimble_Snapshots.framework in CopyFiles */ = {isa = PBXBuildFile; fileRef = EACD6B0220AA494B00A3DF57 /* Nimble_Snapshots.framework */; settings = {ATTRIBUTES = (CodeSignOnCopy, RemoveHeadersOnCopy, ); }; };
		EA904EA520AB4A4B00181C8E /* FBSnapshotTestCase.framework in Frameworks */ = {isa = PBXBuildFile; fileRef = EA904EA420AB4A4B00181C8E /* FBSnapshotTestCase.framework */; };
		EA904EA620AB4A5300181C8E /* FBSnapshotTestCase.framework in CopyFiles */ = {isa = PBXBuildFile; fileRef = EA904EA420AB4A4B00181C8E /* FBSnapshotTestCase.framework */; settings = {ATTRIBUTES = (CodeSignOnCopy, RemoveHeadersOnCopy, ); }; };
		EAF6E04E20ACC2430077CEC7 /* MovieCollectionViewCellStub.swift in Sources */ = {isa = PBXBuildFile; fileRef = EAF6E04D20ACC2430077CEC7 /* MovieCollectionViewCellStub.swift */; };
		EAF6E05020ACD62C0077CEC7 /* MovieListViewControllerStub.swift in Sources */ = {isa = PBXBuildFile; fileRef = EAF6E04F20ACD62C0077CEC7 /* MovieListViewControllerStub.swift */; };
/* End PBXBuildFile section */

/* Begin PBXContainerItemProxy section */
		CDD41615206ABB9400988317 /* PBXContainerItemProxy */ = {
			isa = PBXContainerItemProxy;
			containerPortal = CDD415F5206ABB9400988317 /* Project object */;
			proxyType = 1;
			remoteGlobalIDString = CDD415FC206ABB9400988317;
			remoteInfo = Team4Bootcamp;
		};
		CDD41620206ABB9400988317 /* PBXContainerItemProxy */ = {
			isa = PBXContainerItemProxy;
			containerPortal = CDD415F5206ABB9400988317 /* Project object */;
			proxyType = 1;
			remoteGlobalIDString = CDD415FC206ABB9400988317;
			remoteInfo = Team4Bootcamp;
		};
/* End PBXContainerItemProxy section */

/* Begin PBXCopyFilesBuildPhase section */
		EA4FB5172078314900C9D47D /* CopyFiles */ = {
			isa = PBXCopyFilesBuildPhase;
			buildActionMask = 2147483647;
			dstPath = "";
			dstSubfolderSpec = 10;
			files = (
				EA904EA620AB4A5300181C8E /* FBSnapshotTestCase.framework in CopyFiles */,
				EA904EA320AB469B00181C8E /* Nimble_Snapshots.framework in CopyFiles */,
				EA4FB5182078316700C9D47D /* Nimble.framework in CopyFiles */,
				EA4FB5192078316700C9D47D /* Quick.framework in CopyFiles */,
			);
			runOnlyForDeploymentPostprocessing = 0;
		};
/* End PBXCopyFilesBuildPhase section */

/* Begin PBXFileReference section */
		CD08388520BDCD5700D16EE7 /* FilterViewSpec.swift */ = {isa = PBXFileReference; lastKnownFileType = sourcecode.swift; path = FilterViewSpec.swift; sourceTree = "<group>"; };
		CD08388820BDDD7C00D16EE7 /* FilterViewControllerStub.swift */ = {isa = PBXFileReference; lastKnownFileType = sourcecode.swift; path = FilterViewControllerStub.swift; sourceTree = "<group>"; };
		CD08388A20BDDDF000D16EE7 /* FilterViewControllerSpec.swift */ = {isa = PBXFileReference; lastKnownFileType = sourcecode.swift; path = FilterViewControllerSpec.swift; sourceTree = "<group>"; };
		CD1D7F41207E7321009722FA /* UIColor+Palette.swift */ = {isa = PBXFileReference; lastKnownFileType = sourcecode.swift; path = "UIColor+Palette.swift"; sourceTree = "<group>"; };
		CD1D7F44207E7360009722FA /* UIImage+Icons.swift */ = {isa = PBXFileReference; lastKnownFileType = sourcecode.swift; path = "UIImage+Icons.swift"; sourceTree = "<group>"; };
		CD27E247208E291600349B46 /* FavoritesDataSource.swift */ = {isa = PBXFileReference; fileEncoding = 4; lastKnownFileType = sourcecode.swift; path = FavoritesDataSource.swift; sourceTree = "<group>"; };
		CD27E249208E291C00349B46 /* FavoriteTableViewCell.swift */ = {isa = PBXFileReference; fileEncoding = 4; lastKnownFileType = sourcecode.swift; path = FavoriteTableViewCell.swift; sourceTree = "<group>"; };
		CD27E24B208E292600349B46 /* FavoritePersistenceService.swift */ = {isa = PBXFileReference; fileEncoding = 4; lastKnownFileType = sourcecode.swift; path = FavoritePersistenceService.swift; sourceTree = "<group>"; };
		CD27E24D208E293000349B46 /* FavoriteTableViewDelegate.swift */ = {isa = PBXFileReference; fileEncoding = 4; lastKnownFileType = sourcecode.swift; path = FavoriteTableViewDelegate.swift; sourceTree = "<group>"; };
		CD27E24F208E293600349B46 /* FavoritesViewController.swift */ = {isa = PBXFileReference; fileEncoding = 4; lastKnownFileType = sourcecode.swift; path = FavoritesViewController.swift; sourceTree = "<group>"; };
		CD28AD2520CF0B9000F0D2E0 /* Reusable.swift */ = {isa = PBXFileReference; lastKnownFileType = sourcecode.swift; path = Reusable.swift; sourceTree = "<group>"; };
		CD28AD2720CF0D2900F0D2E0 /* UICollectionView+Reusable.swift */ = {isa = PBXFileReference; lastKnownFileType = sourcecode.swift; path = "UICollectionView+Reusable.swift"; sourceTree = "<group>"; };
		CD28AD2920CF190A00F0D2E0 /* UITableView+Reusable.swift */ = {isa = PBXFileReference; lastKnownFileType = sourcecode.swift; path = "UITableView+Reusable.swift"; sourceTree = "<group>"; };
		CD2B9F672093958800C91ECB /* CoreDataHelper.swift */ = {isa = PBXFileReference; lastKnownFileType = sourcecode.swift; path = CoreDataHelper.swift; sourceTree = "<group>"; };
		CD2B9F6C20939E3B00C91ECB /* MovieCollectionViewCell.swift */ = {isa = PBXFileReference; fileEncoding = 4; lastKnownFileType = sourcecode.swift; path = MovieCollectionViewCell.swift; sourceTree = "<group>"; };
		CD2B9F7320939EDF00C91ECB /* MovieDetailsView.swift */ = {isa = PBXFileReference; fileEncoding = 4; lastKnownFileType = sourcecode.swift; path = MovieDetailsView.swift; sourceTree = "<group>"; };
		CD2B9F7520939EE500C91ECB /* MovieDetailsDatasource.swift */ = {isa = PBXFileReference; fileEncoding = 4; lastKnownFileType = sourcecode.swift; path = MovieDetailsDatasource.swift; sourceTree = "<group>"; };
		CD2B9F7720939EEB00C91ECB /* MovieDetailsViewController.swift */ = {isa = PBXFileReference; fileEncoding = 4; lastKnownFileType = sourcecode.swift; path = MovieDetailsViewController.swift; sourceTree = "<group>"; };
		CD2B9F792093A07400C91ECB /* FavoriteButton.swift */ = {isa = PBXFileReference; fileEncoding = 4; lastKnownFileType = sourcecode.swift; path = FavoriteButton.swift; sourceTree = "<group>"; };
		CD2E09892092973200275914 /* FavoritesViewControllerSpec.swift */ = {isa = PBXFileReference; fileEncoding = 4; lastKnownFileType = sourcecode.swift; path = FavoritesViewControllerSpec.swift; sourceTree = "<group>"; };
		CD2E098A2092973200275914 /* FavoritesViewControllerStub.swift */ = {isa = PBXFileReference; fileEncoding = 4; lastKnownFileType = sourcecode.swift; path = FavoritesViewControllerStub.swift; sourceTree = "<group>"; };
		CD41C7A9208523CB00BC28C8 /* CollectionViewDelegateSpec.swift */ = {isa = PBXFileReference; fileEncoding = 4; lastKnownFileType = sourcecode.swift; name = CollectionViewDelegateSpec.swift; path = Team4BootcampTests/MovieList/Delegates/CollectionViewDelegateSpec.swift; sourceTree = SOURCE_ROOT; };
		CD41C7AA208523CB00BC28C8 /* CollectionViewDelegateStub.swift */ = {isa = PBXFileReference; fileEncoding = 4; lastKnownFileType = sourcecode.swift; name = CollectionViewDelegateStub.swift; path = Team4BootcampTests/MovieList/Delegates/CollectionViewDelegateStub.swift; sourceTree = SOURCE_ROOT; };
		CD5A0C7620AA3F24003D778F /* MovieDetailsViewSpec.swift */ = {isa = PBXFileReference; lastKnownFileType = sourcecode.swift; path = MovieDetailsViewSpec.swift; sourceTree = "<group>"; };
		CD63A294207E7859009DE53C /* MovieListViewControllerSpec.swift */ = {isa = PBXFileReference; lastKnownFileType = sourcecode.swift; path = MovieListViewControllerSpec.swift; sourceTree = "<group>"; };
		CD91F9D42073EE96002BB9EE /* CodeView.swift */ = {isa = PBXFileReference; fileEncoding = 4; lastKnownFileType = sourcecode.swift; name = CodeView.swift; path = Team4Bootcamp/Common/View/CodeView.swift; sourceTree = SOURCE_ROOT; };
		CD91F9D52073EE96002BB9EE /* ImageFetchable.swift */ = {isa = PBXFileReference; fileEncoding = 4; lastKnownFileType = sourcecode.swift; name = ImageFetchable.swift; path = Team4Bootcamp/Common/View/ImageFetchable.swift; sourceTree = SOURCE_ROOT; };
		CD91F9DC2073F034002BB9EE /* SnapKit.framework */ = {isa = PBXFileReference; lastKnownFileType = wrapper.framework; name = SnapKit.framework; path = Carthage/Build/iOS/SnapKit.framework; sourceTree = "<group>"; };
		CD91F9E42074413C002BB9EE /* MovieListDatasource.swift */ = {isa = PBXFileReference; lastKnownFileType = sourcecode.swift; path = MovieListDatasource.swift; sourceTree = "<group>"; };
		CDA53CE520BDBFBE006EB21F /* FilterSelectorTableViewSpec.swift */ = {isa = PBXFileReference; lastKnownFileType = sourcecode.swift; path = FilterSelectorTableViewSpec.swift; sourceTree = "<group>"; };
		CDCF6D10208FC0FA00D05FDF /* FavoriteTableViewDelegateSpec.swift */ = {isa = PBXFileReference; lastKnownFileType = sourcecode.swift; path = FavoriteTableViewDelegateSpec.swift; sourceTree = "<group>"; };
		CDCF6D12208FC10300D05FDF /* FavoriteTableViewDelegateStub.swift */ = {isa = PBXFileReference; lastKnownFileType = sourcecode.swift; path = FavoriteTableViewDelegateStub.swift; sourceTree = "<group>"; };
		CDCF6D15208FC50600D05FDF /* FavoriteDataSourceSpec.swift */ = {isa = PBXFileReference; lastKnownFileType = sourcecode.swift; path = FavoriteDataSourceSpec.swift; sourceTree = "<group>"; };
		CDCF6D17208FC52600D05FDF /* FavoriteDataSourceStub.swift */ = {isa = PBXFileReference; lastKnownFileType = sourcecode.swift; path = FavoriteDataSourceStub.swift; sourceTree = "<group>"; };
		CDD415FD206ABB9400988317 /* Team4Bootcamp.app */ = {isa = PBXFileReference; explicitFileType = wrapper.application; includeInIndex = 0; path = Team4Bootcamp.app; sourceTree = BUILT_PRODUCTS_DIR; };
		CDD41600206ABB9400988317 /* AppDelegate.swift */ = {isa = PBXFileReference; lastKnownFileType = sourcecode.swift; path = AppDelegate.swift; sourceTree = "<group>"; };
		CDD41605206ABB9400988317 /* Base */ = {isa = PBXFileReference; lastKnownFileType = file.storyboard; name = Base; path = Base.lproj/Main.storyboard; sourceTree = "<group>"; };
		CDD41608206ABB9400988317 /* Team4Bootcamp.xcdatamodel */ = {isa = PBXFileReference; lastKnownFileType = wrapper.xcdatamodel; path = Team4Bootcamp.xcdatamodel; sourceTree = "<group>"; };
		CDD4160A206ABB9400988317 /* Assets.xcassets */ = {isa = PBXFileReference; lastKnownFileType = folder.assetcatalog; path = Assets.xcassets; sourceTree = "<group>"; };
		CDD4160D206ABB9400988317 /* Base */ = {isa = PBXFileReference; lastKnownFileType = file.storyboard; name = Base; path = Base.lproj/LaunchScreen.storyboard; sourceTree = "<group>"; };
		CDD4160F206ABB9400988317 /* Info.plist */ = {isa = PBXFileReference; lastKnownFileType = text.plist.xml; path = Info.plist; sourceTree = "<group>"; };
		CDD41614206ABB9400988317 /* Team4BootcampTests.xctest */ = {isa = PBXFileReference; explicitFileType = wrapper.cfbundle; includeInIndex = 0; path = Team4BootcampTests.xctest; sourceTree = BUILT_PRODUCTS_DIR; };
		CDD41618206ABB9400988317 /* Team4BootcampTests.swift */ = {isa = PBXFileReference; lastKnownFileType = sourcecode.swift; path = Team4BootcampTests.swift; sourceTree = "<group>"; };
		CDD4161A206ABB9400988317 /* Info.plist */ = {isa = PBXFileReference; lastKnownFileType = text.plist.xml; path = Info.plist; sourceTree = "<group>"; };
		CDD4161F206ABB9400988317 /* Team4BootcampUITests.xctest */ = {isa = PBXFileReference; explicitFileType = wrapper.cfbundle; includeInIndex = 0; path = Team4BootcampUITests.xctest; sourceTree = BUILT_PRODUCTS_DIR; };
		CDD41623206ABB9400988317 /* Team4BootcampUITests.swift */ = {isa = PBXFileReference; lastKnownFileType = sourcecode.swift; path = Team4BootcampUITests.swift; sourceTree = "<group>"; };
		CDD41625206ABB9400988317 /* Info.plist */ = {isa = PBXFileReference; lastKnownFileType = text.plist.xml; path = Info.plist; sourceTree = "<group>"; };
		CDD41633206B110300988317 /* Movie.swift */ = {isa = PBXFileReference; lastKnownFileType = sourcecode.swift; path = Movie.swift; sourceTree = "<group>"; };
		CDD4163A206C491500988317 /* MovieListViewController.swift */ = {isa = PBXFileReference; lastKnownFileType = sourcecode.swift; path = MovieListViewController.swift; sourceTree = "<group>"; };
		CDE3C3B320C1F261000A26B6 /* TabBarDelegate.swift */ = {isa = PBXFileReference; lastKnownFileType = sourcecode.swift; path = TabBarDelegate.swift; sourceTree = "<group>"; };
		EA0AA957208686370039C195 /* CellConstants.swift */ = {isa = PBXFileReference; lastKnownFileType = sourcecode.swift; path = CellConstants.swift; sourceTree = "<group>"; };
		EA1B563A2078022F00390669 /* Date+String.swift */ = {isa = PBXFileReference; lastKnownFileType = sourcecode.swift; path = "Date+String.swift"; sourceTree = "<group>"; };
		EA284CBF206D0D0200E4D7CD /* MoviesProtocol.swift */ = {isa = PBXFileReference; lastKnownFileType = sourcecode.swift; path = MoviesProtocol.swift; sourceTree = "<group>"; };
		EA284CC1206D0ED400E4D7CD /* Result.swift */ = {isa = PBXFileReference; lastKnownFileType = sourcecode.swift; path = Result.swift; sourceTree = "<group>"; };
		EA284CC3206D106B00E4D7CD /* MoviesAPI.swift */ = {isa = PBXFileReference; lastKnownFileType = sourcecode.swift; path = MoviesAPI.swift; sourceTree = "<group>"; };
		EA284CC5206D137200E4D7CD /* APIConstants.swift */ = {isa = PBXFileReference; lastKnownFileType = sourcecode.swift; path = APIConstants.swift; sourceTree = "<group>"; };
		EA28EFBC20790A88006EB8CB /* MoviesAPIStub.swift */ = {isa = PBXFileReference; lastKnownFileType = sourcecode.swift; path = MoviesAPIStub.swift; sourceTree = "<group>"; };
		EA28EFBE207BCEAC006EB8CB /* MovieListWrapper.swift */ = {isa = PBXFileReference; lastKnownFileType = sourcecode.swift; path = MovieListWrapper.swift; sourceTree = "<group>"; };
		EA28EFC0207BCF0A006EB8CB /* GenresWrapper.swift */ = {isa = PBXFileReference; lastKnownFileType = sourcecode.swift; path = GenresWrapper.swift; sourceTree = "<group>"; };
		EA32507D207507980018BB28 /* CollectionViewDelegate.swift */ = {isa = PBXFileReference; lastKnownFileType = sourcecode.swift; path = CollectionViewDelegate.swift; sourceTree = "<group>"; };
		EA4FB50D207822EA00C9D47D /* Nimble.framework */ = {isa = PBXFileReference; lastKnownFileType = wrapper.framework; name = Nimble.framework; path = Carthage/Build/iOS/Nimble.framework; sourceTree = "<group>"; };
		EA4FB50E207822EA00C9D47D /* Quick.framework */ = {isa = PBXFileReference; lastKnownFileType = wrapper.framework; name = Quick.framework; path = Carthage/Build/iOS/Quick.framework; sourceTree = "<group>"; };
		EA4FB51C2078339900C9D47D /* MoviesAPISpec.swift */ = {isa = PBXFileReference; lastKnownFileType = sourcecode.swift; path = MoviesAPISpec.swift; sourceTree = "<group>"; };
		EA639ADD209752AA006AC900 /* FavoritePersistenceServiceSpec.swift */ = {isa = PBXFileReference; lastKnownFileType = sourcecode.swift; path = FavoritePersistenceServiceSpec.swift; sourceTree = "<group>"; };
		EA6B116220B43C180014409F /* NSManagedContext+CRUD.swift */ = {isa = PBXFileReference; fileEncoding = 4; lastKnownFileType = sourcecode.swift; path = "NSManagedContext+CRUD.swift"; sourceTree = "<group>"; };
		EA71E39E206BE70100970A47 /* Kingfisher.framework */ = {isa = PBXFileReference; lastKnownFileType = wrapper.framework; name = Kingfisher.framework; path = Carthage/Build/iOS/Kingfisher.framework; sourceTree = "<group>"; };
		EA71E39F206BE70100970A47 /* Alamofire.framework */ = {isa = PBXFileReference; lastKnownFileType = wrapper.framework; name = Alamofire.framework; path = Carthage/Build/iOS/Alamofire.framework; sourceTree = "<group>"; };
		EA7A7D7B20855D9F00F8C637 /* PersistenceConstants.swift */ = {isa = PBXFileReference; lastKnownFileType = sourcecode.swift; path = PersistenceConstants.swift; sourceTree = "<group>"; };
		EA7B5F4C208F762100414C9B /* MovieListManager.swift */ = {isa = PBXFileReference; lastKnownFileType = sourcecode.swift; path = MovieListManager.swift; sourceTree = "<group>"; };
		EA7BC84020D1942200D13F93 /* Endpoint.swift */ = {isa = PBXFileReference; lastKnownFileType = sourcecode.swift; path = Endpoint.swift; sourceTree = "<group>"; };
		EA7BC84220D194E300D13F93 /* Connection.swift */ = {isa = PBXFileReference; lastKnownFileType = sourcecode.swift; path = Connection.swift; sourceTree = "<group>"; };
		EA7BDBC820B725790022F128 /* GenreDAO+CoreDataClass.swift */ = {isa = PBXFileReference; lastKnownFileType = sourcecode.swift; path = "GenreDAO+CoreDataClass.swift"; sourceTree = "<group>"; };
		EA7BDBC920B725790022F128 /* GenreDAO+CoreDataProperties.swift */ = {isa = PBXFileReference; lastKnownFileType = sourcecode.swift; path = "GenreDAO+CoreDataProperties.swift"; sourceTree = "<group>"; };
		EA7BDBCC20B7259B0022F128 /* MovieDAO+CoreDataClass.swift */ = {isa = PBXFileReference; lastKnownFileType = sourcecode.swift; path = "MovieDAO+CoreDataClass.swift"; sourceTree = "<group>"; };
		EA7BDBCD20B7259B0022F128 /* MovieDAO+CoreDataProperties.swift */ = {isa = PBXFileReference; lastKnownFileType = sourcecode.swift; path = "MovieDAO+CoreDataProperties.swift"; sourceTree = "<group>"; };
		EA7D5A0420A1C35C00DF4A72 /* FilterSelectorTableView.swift */ = {isa = PBXFileReference; fileEncoding = 4; lastKnownFileType = sourcecode.swift; path = FilterSelectorTableView.swift; sourceTree = "<group>"; };
		EA7D5A0620A1D0E500DF4A72 /* FilterSelectorTableViewCell.swift */ = {isa = PBXFileReference; fileEncoding = 4; lastKnownFileType = sourcecode.swift; path = FilterSelectorTableViewCell.swift; sourceTree = "<group>"; };
		EA7D5A0820A1D0F100DF4A72 /* FilterSelectorViewController.swift */ = {isa = PBXFileReference; fileEncoding = 4; lastKnownFileType = sourcecode.swift; path = FilterSelectorViewController.swift; sourceTree = "<group>"; };
		EA80B14B209C9701009A0CBC /* FilterViewController.swift */ = {isa = PBXFileReference; lastKnownFileType = sourcecode.swift; path = FilterViewController.swift; sourceTree = "<group>"; };
		EA80B14D209C975B009A0CBC /* FilterView.swift */ = {isa = PBXFileReference; lastKnownFileType = sourcecode.swift; path = FilterView.swift; sourceTree = "<group>"; };
		EA88DFDE207CE05100FFF0B1 /* SearchBarDelegate.swift */ = {isa = PBXFileReference; lastKnownFileType = sourcecode.swift; path = SearchBarDelegate.swift; sourceTree = "<group>"; };
		EA904E9F20AB2F6F00181C8E /* MovieCollectionViewCellSpec.swift */ = {isa = PBXFileReference; lastKnownFileType = sourcecode.swift; path = MovieCollectionViewCellSpec.swift; sourceTree = "<group>"; };
		EA904EA420AB4A4B00181C8E /* FBSnapshotTestCase.framework */ = {isa = PBXFileReference; lastKnownFileType = wrapper.framework; name = FBSnapshotTestCase.framework; path = Carthage/Build/iOS/FBSnapshotTestCase.framework; sourceTree = "<group>"; };
		EACD6B0220AA494B00A3DF57 /* Nimble_Snapshots.framework */ = {isa = PBXFileReference; lastKnownFileType = wrapper.framework; name = Nimble_Snapshots.framework; path = Carthage/Build/iOS/Nimble_Snapshots.framework; sourceTree = "<group>"; };
		EAF6E04D20ACC2430077CEC7 /* MovieCollectionViewCellStub.swift */ = {isa = PBXFileReference; lastKnownFileType = sourcecode.swift; path = MovieCollectionViewCellStub.swift; sourceTree = "<group>"; };
		EAF6E04F20ACD62C0077CEC7 /* MovieListViewControllerStub.swift */ = {isa = PBXFileReference; lastKnownFileType = sourcecode.swift; path = MovieListViewControllerStub.swift; sourceTree = "<group>"; };
/* End PBXFileReference section */

/* Begin PBXFrameworksBuildPhase section */
		CDD415FA206ABB9400988317 /* Frameworks */ = {
			isa = PBXFrameworksBuildPhase;
			buildActionMask = 2147483647;
			files = (
				CD91F9DD2073F034002BB9EE /* SnapKit.framework in Frameworks */,
				EA71E3A0206BE70100970A47 /* Kingfisher.framework in Frameworks */,
			);
			runOnlyForDeploymentPostprocessing = 0;
		};
		CDD41611206ABB9400988317 /* Frameworks */ = {
			isa = PBXFrameworksBuildPhase;
			buildActionMask = 2147483647;
			files = (
				EA904EA520AB4A4B00181C8E /* FBSnapshotTestCase.framework in Frameworks */,
				EA904EA220AB469300181C8E /* Nimble_Snapshots.framework in Frameworks */,
				EA4FB5142078313E00C9D47D /* Nimble.framework in Frameworks */,
				EA4FB5152078313E00C9D47D /* Quick.framework in Frameworks */,
			);
			runOnlyForDeploymentPostprocessing = 0;
		};
		CDD4161C206ABB9400988317 /* Frameworks */ = {
			isa = PBXFrameworksBuildPhase;
			buildActionMask = 2147483647;
			files = (
			);
			runOnlyForDeploymentPostprocessing = 0;
		};
/* End PBXFrameworksBuildPhase section */

/* Begin PBXGroup section */
		CD08388720BDD14600D16EE7 /* Controller */ = {
			isa = PBXGroup;
			children = (
				CD08388820BDDD7C00D16EE7 /* FilterViewControllerStub.swift */,
				CD08388A20BDDDF000D16EE7 /* FilterViewControllerSpec.swift */,
			);
			path = Controller;
			sourceTree = "<group>";
		};
		CD27E23F208E285800349B46 /* Favorites */ = {
			isa = PBXGroup;
			children = (
				CD27E246208E28B700349B46 /* Datasources */,
				CD27E245208E28AF00349B46 /* View */,
				CD27E244208E28A900349B46 /* Service */,
				CD27E243208E289900349B46 /* Delegates */,
				CD27E240208E286400349B46 /* Controller */,
			);
			path = Favorites;
			sourceTree = "<group>";
		};
		CD27E240208E286400349B46 /* Controller */ = {
			isa = PBXGroup;
			children = (
				CD27E24F208E293600349B46 /* FavoritesViewController.swift */,
			);
			path = Controller;
			sourceTree = "<group>";
		};
		CD27E243208E289900349B46 /* Delegates */ = {
			isa = PBXGroup;
			children = (
				CD27E24D208E293000349B46 /* FavoriteTableViewDelegate.swift */,
			);
			path = Delegates;
			sourceTree = "<group>";
		};
		CD27E244208E28A900349B46 /* Service */ = {
			isa = PBXGroup;
			children = (
				CD27E24B208E292600349B46 /* FavoritePersistenceService.swift */,
			);
			path = Service;
			sourceTree = "<group>";
		};
		CD27E245208E28AF00349B46 /* View */ = {
			isa = PBXGroup;
			children = (
				CD27E249208E291C00349B46 /* FavoriteTableViewCell.swift */,
			);
			path = View;
			sourceTree = "<group>";
		};
		CD27E246208E28B700349B46 /* Datasources */ = {
			isa = PBXGroup;
			children = (
				CD27E247208E291600349B46 /* FavoritesDataSource.swift */,
			);
			path = Datasources;
			sourceTree = "<group>";
		};
		CD2B9F692093976300C91ECB /* View */ = {
			isa = PBXGroup;
			children = (
				CD2B9F792093A07400C91ECB /* FavoriteButton.swift */,
				CD91F9D52073EE96002BB9EE /* ImageFetchable.swift */,
				CD91F9D42073EE96002BB9EE /* CodeView.swift */,
				EA0AA957208686370039C195 /* CellConstants.swift */,
			);
			path = View;
			sourceTree = "<group>";
		};
		CD2B9F6B20939E2900C91ECB /* View */ = {
			isa = PBXGroup;
			children = (
				CD2B9F6C20939E3B00C91ECB /* MovieCollectionViewCell.swift */,
			);
			path = View;
			sourceTree = "<group>";
		};
		CD2B9F6F20939E6A00C91ECB /* MovieDetails */ = {
			isa = PBXGroup;
			children = (
				CD2B9F7220939EA400C91ECB /* View */,
				CD2B9F7120939E9800C91ECB /* Datasource */,
				CD2B9F7020939E8C00C91ECB /* Controller */,
			);
			path = MovieDetails;
			sourceTree = "<group>";
		};
		CD2B9F7020939E8C00C91ECB /* Controller */ = {
			isa = PBXGroup;
			children = (
				CD2B9F7720939EEB00C91ECB /* MovieDetailsViewController.swift */,
			);
			path = Controller;
			sourceTree = "<group>";
		};
		CD2B9F7120939E9800C91ECB /* Datasource */ = {
			isa = PBXGroup;
			children = (
				CD2B9F7520939EE500C91ECB /* MovieDetailsDatasource.swift */,
			);
			path = Datasource;
			sourceTree = "<group>";
		};
		CD2B9F7220939EA400C91ECB /* View */ = {
			isa = PBXGroup;
			children = (
				CD2B9F7320939EDF00C91ECB /* MovieDetailsView.swift */,
			);
			path = View;
			sourceTree = "<group>";
		};
		CD2E09882092971D00275914 /* Controller */ = {
			isa = PBXGroup;
			children = (
				CD2E09892092973200275914 /* FavoritesViewControllerSpec.swift */,
				CD2E098A2092973200275914 /* FavoritesViewControllerStub.swift */,
			);
			path = Controller;
			sourceTree = "<group>";
		};
		CD41C7A02085237500BC28C8 /* Delegates */ = {
			isa = PBXGroup;
			children = (
				CD41C7A9208523CB00BC28C8 /* CollectionViewDelegateSpec.swift */,
				CD41C7AA208523CB00BC28C8 /* CollectionViewDelegateStub.swift */,
			);
			path = Delegates;
			sourceTree = "<group>";
		};
		CD5A0C7420AA2D8E003D778F /* MovieDetails */ = {
			isa = PBXGroup;
			children = (
				CD5A0C7520AA2D9B003D778F /* View */,
			);
			path = MovieDetails;
			sourceTree = "<group>";
		};
		CD5A0C7520AA2D9B003D778F /* View */ = {
			isa = PBXGroup;
			children = (
				CD5A0C7620AA3F24003D778F /* MovieDetailsViewSpec.swift */,
			);
			path = View;
			sourceTree = "<group>";
		};
		CD63A293207E7829009DE53C /* Controller */ = {
			isa = PBXGroup;
			children = (
				CD63A294207E7859009DE53C /* MovieListViewControllerSpec.swift */,
				EAF6E04F20ACD62C0077CEC7 /* MovieListViewControllerStub.swift */,
			);
			path = Controller;
			sourceTree = "<group>";
		};
		CD91F9E320744108002BB9EE /* Datasources */ = {
			isa = PBXGroup;
			children = (
				CD91F9E42074413C002BB9EE /* MovieListDatasource.swift */,
			);
			path = Datasources;
			sourceTree = "<group>";
		};
		CDA53CE320BDBF97006EB21F /* Filter */ = {
			isa = PBXGroup;
			children = (
				CD08388720BDD14600D16EE7 /* Controller */,
				CDA53CE420BDBFA0006EB21F /* View */,
			);
			path = Filter;
			sourceTree = "<group>";
		};
		CDA53CE420BDBFA0006EB21F /* View */ = {
			isa = PBXGroup;
			children = (
				CDA53CE520BDBFBE006EB21F /* FilterSelectorTableViewSpec.swift */,
				CD08388520BDCD5700D16EE7 /* FilterViewSpec.swift */,
			);
			path = View;
			sourceTree = "<group>";
		};
		CDCF6D0E208FC0CE00D05FDF /* Favorites */ = {
			isa = PBXGroup;
			children = (
				EA639ADC20975270006AC900 /* Service */,
				CD2E09882092971D00275914 /* Controller */,
				CDCF6D14208FC4E400D05FDF /* Datasources */,
				CDCF6D0F208FC0D800D05FDF /* Delegates */,
			);
			path = Favorites;
			sourceTree = "<group>";
		};
		CDCF6D0F208FC0D800D05FDF /* Delegates */ = {
			isa = PBXGroup;
			children = (
				CDCF6D10208FC0FA00D05FDF /* FavoriteTableViewDelegateSpec.swift */,
				CDCF6D12208FC10300D05FDF /* FavoriteTableViewDelegateStub.swift */,
			);
			path = Delegates;
			sourceTree = "<group>";
		};
		CDCF6D14208FC4E400D05FDF /* Datasources */ = {
			isa = PBXGroup;
			children = (
				CDCF6D15208FC50600D05FDF /* FavoriteDataSourceSpec.swift */,
				CDCF6D17208FC52600D05FDF /* FavoriteDataSourceStub.swift */,
			);
			path = Datasources;
			sourceTree = "<group>";
		};
		CDD415F4206ABB9400988317 = {
			isa = PBXGroup;
			children = (
				CDD415FF206ABB9400988317 /* Team4Bootcamp */,
				CDD41617206ABB9400988317 /* Team4BootcampTests */,
				CDD41622206ABB9400988317 /* Team4BootcampUITests */,
				CDD415FE206ABB9400988317 /* Products */,
				EA71E39D206BE70000970A47 /* Frameworks */,
			);
			sourceTree = "<group>";
		};
		CDD415FE206ABB9400988317 /* Products */ = {
			isa = PBXGroup;
			children = (
				CDD415FD206ABB9400988317 /* Team4Bootcamp.app */,
				CDD41614206ABB9400988317 /* Team4BootcampTests.xctest */,
				CDD4161F206ABB9400988317 /* Team4BootcampUITests.xctest */,
			);
			name = Products;
			sourceTree = "<group>";
		};
		CDD415FF206ABB9400988317 /* Team4Bootcamp */ = {
			isa = PBXGroup;
			children = (
				EA80B146209C954A009A0CBC /* Filter */,
				CDD41632206B108B00988317 /* Model */,
				EA7A7D7A20855CAA00F8C637 /* Common */,
				EAFB94ED208A1DD800A730E8 /* Persistence */,
				EA284CBC206D078300E4D7CD /* Supporting Files */,
				CDD4163C206C4E2000988317 /* Extensions */,
				EA284CBB206D072300E4D7CD /* MovieList */,
				CD2B9F6F20939E6A00C91ECB /* MovieDetails */,
				CD27E23F208E285800349B46 /* Favorites */,
				CDD41604206ABB9400988317 /* Main.storyboard */,
			);
			path = Team4Bootcamp;
			sourceTree = "<group>";
		};
		CDD41617206ABB9400988317 /* Team4BootcampTests */ = {
			isa = PBXGroup;
			children = (
				CDA53CE320BDBF97006EB21F /* Filter */,
				CD5A0C7420AA2D8E003D778F /* MovieDetails */,
				CDCF6D0E208FC0CE00D05FDF /* Favorites */,
				EA4FB51A2078335300C9D47D /* MovieList */,
				CDD41618206ABB9400988317 /* Team4BootcampTests.swift */,
				CDD4161A206ABB9400988317 /* Info.plist */,
			);
			path = Team4BootcampTests;
			sourceTree = "<group>";
		};
		CDD41622206ABB9400988317 /* Team4BootcampUITests */ = {
			isa = PBXGroup;
			children = (
				CDD41623206ABB9400988317 /* Team4BootcampUITests.swift */,
				CDD41625206ABB9400988317 /* Info.plist */,
			);
			path = Team4BootcampUITests;
			sourceTree = "<group>";
		};
		CDD41632206B108B00988317 /* Model */ = {
			isa = PBXGroup;
			children = (
				CDD41633206B110300988317 /* Movie.swift */,
			);
			path = Model;
			sourceTree = "<group>";
		};
		CDD41637206C2B7F00988317 /* Controller */ = {
			isa = PBXGroup;
			children = (
				CDD4163A206C491500988317 /* MovieListViewController.swift */,
			);
			path = Controller;
			sourceTree = "<group>";
		};
		CDD4163C206C4E2000988317 /* Extensions */ = {
			isa = PBXGroup;
			children = (
				EA6B116220B43C180014409F /* NSManagedContext+CRUD.swift */,
				EA1B563A2078022F00390669 /* Date+String.swift */,
				CD1D7F41207E7321009722FA /* UIColor+Palette.swift */,
				CD1D7F44207E7360009722FA /* UIImage+Icons.swift */,
				CD28AD2720CF0D2900F0D2E0 /* UICollectionView+Reusable.swift */,
				CD28AD2920CF190A00F0D2E0 /* UITableView+Reusable.swift */,
			);
			path = Extensions;
			sourceTree = "<group>";
		};
		CDE3C3B520C1FAAA000A26B6 /* Delegate */ = {
			isa = PBXGroup;
			children = (
				CDE3C3B320C1F261000A26B6 /* TabBarDelegate.swift */,
			);
			path = Delegate;
			sourceTree = "<group>";
		};
		EA284CBB206D072300E4D7CD /* MovieList */ = {
			isa = PBXGroup;
			children = (
				CD2B9F6B20939E2900C91ECB /* View */,
				EA32507C207507690018BB28 /* Delegates */,
				EA284CBE206D0CDC00E4D7CD /* Service */,
				CD91F9E320744108002BB9EE /* Datasources */,
				CDD41637206C2B7F00988317 /* Controller */,
			);
			path = MovieList;
			sourceTree = "<group>";
		};
		EA284CBC206D078300E4D7CD /* Supporting Files */ = {
			isa = PBXGroup;
			children = (
				CDD41600206ABB9400988317 /* AppDelegate.swift */,
				CDD4160A206ABB9400988317 /* Assets.xcassets */,
				CDD4160C206ABB9400988317 /* LaunchScreen.storyboard */,
				CDD4160F206ABB9400988317 /* Info.plist */,
				CDD41607206ABB9400988317 /* Team4Bootcamp.xcdatamodeld */,
			);
			path = "Supporting Files";
			sourceTree = "<group>";
		};
		EA284CBE206D0CDC00E4D7CD /* Service */ = {
			isa = PBXGroup;
			children = (
				EA284CC3206D106B00E4D7CD /* MoviesAPI.swift */,
				EA284CC5206D137200E4D7CD /* APIConstants.swift */,
				EA28EFBE207BCEAC006EB8CB /* MovieListWrapper.swift */,
				EA28EFC0207BCF0A006EB8CB /* GenresWrapper.swift */,
				EA7BC84020D1942200D13F93 /* Endpoint.swift */,
				EA7BC84220D194E300D13F93 /* Connection.swift */,
			);
			path = Service;
			sourceTree = "<group>";
		};
		EA32507C207507690018BB28 /* Delegates */ = {
			isa = PBXGroup;
			children = (
				EA32507D207507980018BB28 /* CollectionViewDelegate.swift */,
				EA88DFDE207CE05100FFF0B1 /* SearchBarDelegate.swift */,
			);
			path = Delegates;
			sourceTree = "<group>";
		};
		EA4FB51A2078335300C9D47D /* MovieList */ = {
			isa = PBXGroup;
			children = (
				EA904E9E20AB2F5800181C8E /* View */,
				CD41C7A02085237500BC28C8 /* Delegates */,
				CD63A293207E7829009DE53C /* Controller */,
				EA4FB51B2078335E00C9D47D /* Service */,
			);
			path = MovieList;
			sourceTree = "<group>";
		};
		EA4FB51B2078335E00C9D47D /* Service */ = {
			isa = PBXGroup;
			children = (
				EA4FB51C2078339900C9D47D /* MoviesAPISpec.swift */,
				EA28EFBC20790A88006EB8CB /* MoviesAPIStub.swift */,
			);
			path = Service;
			sourceTree = "<group>";
		};
		EA639ADC20975270006AC900 /* Service */ = {
			isa = PBXGroup;
			children = (
				EA639ADD209752AA006AC900 /* FavoritePersistenceServiceSpec.swift */,
			);
			path = Service;
			sourceTree = "<group>";
		};
		EA71E39D206BE70000970A47 /* Frameworks */ = {
			isa = PBXGroup;
			children = (
				EA904EA420AB4A4B00181C8E /* FBSnapshotTestCase.framework */,
				EACD6B0220AA494B00A3DF57 /* Nimble_Snapshots.framework */,
				EA4FB50D207822EA00C9D47D /* Nimble.framework */,
				EA4FB50E207822EA00C9D47D /* Quick.framework */,
				CD91F9DC2073F034002BB9EE /* SnapKit.framework */,
				EA71E39F206BE70100970A47 /* Alamofire.framework */,
				EA71E39E206BE70100970A47 /* Kingfisher.framework */,
			);
			name = Frameworks;
			sourceTree = "<group>";
		};
		EA7A7D7A20855CAA00F8C637 /* Common */ = {
			isa = PBXGroup;
			children = (
				CDE3C3B520C1FAAA000A26B6 /* Delegate */,
				CD2B9F692093976300C91ECB /* View */,
				EA284CC1206D0ED400E4D7CD /* Result.swift */,
				EA284CBF206D0D0200E4D7CD /* MoviesProtocol.swift */,
				EA7B5F4C208F762100414C9B /* MovieListManager.swift */,
				CD28AD2520CF0B9000F0D2E0 /* Reusable.swift */,
			);
			path = Common;
			sourceTree = "<group>";
		};
		EA80B146209C954A009A0CBC /* Filter */ = {
			isa = PBXGroup;
			children = (
				EA80B148209C9606009A0CBC /* View */,
				EA80B147209C95FD009A0CBC /* Controller */,
			);
			path = Filter;
			sourceTree = "<group>";
		};
		EA80B147209C95FD009A0CBC /* Controller */ = {
			isa = PBXGroup;
			children = (
				EA80B14B209C9701009A0CBC /* FilterViewController.swift */,
				EA7D5A0820A1D0F100DF4A72 /* FilterSelectorViewController.swift */,
			);
			path = Controller;
			sourceTree = "<group>";
		};
		EA80B148209C9606009A0CBC /* View */ = {
			isa = PBXGroup;
			children = (
				EA7D5A0420A1C35C00DF4A72 /* FilterSelectorTableView.swift */,
				EA7D5A0620A1D0E500DF4A72 /* FilterSelectorTableViewCell.swift */,
				EA80B14D209C975B009A0CBC /* FilterView.swift */,
			);
			path = View;
			sourceTree = "<group>";
		};
		EA904E9E20AB2F5800181C8E /* View */ = {
			isa = PBXGroup;
			children = (
				EA904E9F20AB2F6F00181C8E /* MovieCollectionViewCellSpec.swift */,
				EAF6E04D20ACC2430077CEC7 /* MovieCollectionViewCellStub.swift */,
			);
			path = View;
			sourceTree = "<group>";
		};
		EAFB94ED208A1DD800A730E8 /* Persistence */ = {
			isa = PBXGroup;
			children = (
				EA7BDBCC20B7259B0022F128 /* MovieDAO+CoreDataClass.swift */,
				EA7BDBCD20B7259B0022F128 /* MovieDAO+CoreDataProperties.swift */,
				EA7BDBC820B725790022F128 /* GenreDAO+CoreDataClass.swift */,
				EA7BDBC920B725790022F128 /* GenreDAO+CoreDataProperties.swift */,
				CD2B9F672093958800C91ECB /* CoreDataHelper.swift */,
				EA7A7D7B20855D9F00F8C637 /* PersistenceConstants.swift */,
			);
			path = Persistence;
			sourceTree = "<group>";
		};
/* End PBXGroup section */

/* Begin PBXNativeTarget section */
		CDD415FC206ABB9400988317 /* Team4Bootcamp */ = {
			isa = PBXNativeTarget;
			buildConfigurationList = CDD41628206ABB9400988317 /* Build configuration list for PBXNativeTarget "Team4Bootcamp" */;
			buildPhases = (
				CDD415F9206ABB9400988317 /* Sources */,
				CDD415FA206ABB9400988317 /* Frameworks */,
				CDD415FB206ABB9400988317 /* Resources */,
				CDD41631206ABBAF00988317 /* Run Script */,
			);
			buildRules = (
			);
			dependencies = (
			);
			name = Team4Bootcamp;
			productName = Team4Bootcamp;
			productReference = CDD415FD206ABB9400988317 /* Team4Bootcamp.app */;
			productType = "com.apple.product-type.application";
		};
		CDD41613206ABB9400988317 /* Team4BootcampTests */ = {
			isa = PBXNativeTarget;
			buildConfigurationList = CDD4162B206ABB9400988317 /* Build configuration list for PBXNativeTarget "Team4BootcampTests" */;
			buildPhases = (
				CDD41610206ABB9400988317 /* Sources */,
				CDD41611206ABB9400988317 /* Frameworks */,
				CDD41612206ABB9400988317 /* Resources */,
				EA4FB5172078314900C9D47D /* CopyFiles */,
			);
			buildRules = (
			);
			dependencies = (
				CDD41616206ABB9400988317 /* PBXTargetDependency */,
			);
			name = Team4BootcampTests;
			productName = Team4BootcampTests;
			productReference = CDD41614206ABB9400988317 /* Team4BootcampTests.xctest */;
			productType = "com.apple.product-type.bundle.unit-test";
		};
		CDD4161E206ABB9400988317 /* Team4BootcampUITests */ = {
			isa = PBXNativeTarget;
			buildConfigurationList = CDD4162E206ABB9400988317 /* Build configuration list for PBXNativeTarget "Team4BootcampUITests" */;
			buildPhases = (
				CDD4161B206ABB9400988317 /* Sources */,
				CDD4161C206ABB9400988317 /* Frameworks */,
				CDD4161D206ABB9400988317 /* Resources */,
			);
			buildRules = (
			);
			dependencies = (
				CDD41621206ABB9400988317 /* PBXTargetDependency */,
			);
			name = Team4BootcampUITests;
			productName = Team4BootcampUITests;
			productReference = CDD4161F206ABB9400988317 /* Team4BootcampUITests.xctest */;
			productType = "com.apple.product-type.bundle.ui-testing";
		};
/* End PBXNativeTarget section */

/* Begin PBXProject section */
		CDD415F5206ABB9400988317 /* Project object */ = {
			isa = PBXProject;
			attributes = {
				LastSwiftUpdateCheck = 0920;
				LastUpgradeCheck = 0930;
				ORGANIZATIONNAME = alessandra.l.pereira;
				TargetAttributes = {
					CDD415FC206ABB9400988317 = {
						CreatedOnToolsVersion = 9.2;
						ProvisioningStyle = Automatic;
					};
					CDD41613206ABB9400988317 = {
						CreatedOnToolsVersion = 9.2;
						ProvisioningStyle = Automatic;
						TestTargetID = CDD415FC206ABB9400988317;
					};
					CDD4161E206ABB9400988317 = {
						CreatedOnToolsVersion = 9.2;
						ProvisioningStyle = Automatic;
						TestTargetID = CDD415FC206ABB9400988317;
					};
				};
			};
			buildConfigurationList = CDD415F8206ABB9400988317 /* Build configuration list for PBXProject "Team4Bootcamp" */;
			compatibilityVersion = "Xcode 8.0";
			developmentRegion = en;
			hasScannedForEncodings = 0;
			knownRegions = (
				en,
				Base,
			);
			mainGroup = CDD415F4206ABB9400988317;
			productRefGroup = CDD415FE206ABB9400988317 /* Products */;
			projectDirPath = "";
			projectRoot = "";
			targets = (
				CDD415FC206ABB9400988317 /* Team4Bootcamp */,
				CDD41613206ABB9400988317 /* Team4BootcampTests */,
				CDD4161E206ABB9400988317 /* Team4BootcampUITests */,
			);
		};
/* End PBXProject section */

/* Begin PBXResourcesBuildPhase section */
		CDD415FB206ABB9400988317 /* Resources */ = {
			isa = PBXResourcesBuildPhase;
			buildActionMask = 2147483647;
			files = (
				CDD4160E206ABB9400988317 /* LaunchScreen.storyboard in Resources */,
				CDD4160B206ABB9400988317 /* Assets.xcassets in Resources */,
				CDD41606206ABB9400988317 /* Main.storyboard in Resources */,
			);
			runOnlyForDeploymentPostprocessing = 0;
		};
		CDD41612206ABB9400988317 /* Resources */ = {
			isa = PBXResourcesBuildPhase;
			buildActionMask = 2147483647;
			files = (
			);
			runOnlyForDeploymentPostprocessing = 0;
		};
		CDD4161D206ABB9400988317 /* Resources */ = {
			isa = PBXResourcesBuildPhase;
			buildActionMask = 2147483647;
			files = (
			);
			runOnlyForDeploymentPostprocessing = 0;
		};
/* End PBXResourcesBuildPhase section */

/* Begin PBXShellScriptBuildPhase section */
		CDD41631206ABBAF00988317 /* Run Script */ = {
			isa = PBXShellScriptBuildPhase;
			buildActionMask = 2147483647;
			files = (
			);
			inputPaths = (
				"$(SRCROOT)/Carthage/Build/iOS/Kingfisher.framework",
				"$(SRCROOT)/Carthage/Build/iOS/SnapKit.framework",
			);
			name = "Run Script";
			outputPaths = (
			);
			runOnlyForDeploymentPostprocessing = 0;
			shellPath = /bin/sh;
			shellScript = "/usr/local/bin/carthage copy-frameworks\nif which swiftlint >/dev/null; then\nswiftlint\nelse\necho \"warning: SwiftLint not installed, download from https://github.com/realm/SwiftLint\"\nfi";
		};
/* End PBXShellScriptBuildPhase section */

/* Begin PBXSourcesBuildPhase section */
		CDD415F9206ABB9400988317 /* Sources */ = {
			isa = PBXSourcesBuildPhase;
			buildActionMask = 2147483647;
			files = (
				EA7A7D7C20855D9F00F8C637 /* PersistenceConstants.swift in Sources */,
				CD27E248208E291600349B46 /* FavoritesDataSource.swift in Sources */,
				EA7BDBCE20B7259B0022F128 /* MovieDAO+CoreDataClass.swift in Sources */,
				EA28EFBF207BCEAC006EB8CB /* MovieListWrapper.swift in Sources */,
				CD91F9D92073EE96002BB9EE /* ImageFetchable.swift in Sources */,
				CDD41609206ABB9400988317 /* Team4Bootcamp.xcdatamodeld in Sources */,
				CD28AD2820CF0D2900F0D2E0 /* UICollectionView+Reusable.swift in Sources */,
				CDD41634206B110300988317 /* Movie.swift in Sources */,
				EA284CC4206D106B00E4D7CD /* MoviesAPI.swift in Sources */,
				CD2B9F682093958800C91ECB /* CoreDataHelper.swift in Sources */,
				CD1D7F42207E7321009722FA /* UIColor+Palette.swift in Sources */,
				CDD4163B206C491500988317 /* MovieListViewController.swift in Sources */,
				EA7BDBCA20B725790022F128 /* GenreDAO+CoreDataClass.swift in Sources */,
				CD28AD2620CF0B9000F0D2E0 /* Reusable.swift in Sources */,
				EA88DFDF207CE05100FFF0B1 /* SearchBarDelegate.swift in Sources */,
				EA284CC6206D137200E4D7CD /* APIConstants.swift in Sources */,
				CD28AD2A20CF190A00F0D2E0 /* UITableView+Reusable.swift in Sources */,
				CD91F9D82073EE96002BB9EE /* CodeView.swift in Sources */,
				EA7BC84120D1942200D13F93 /* Endpoint.swift in Sources */,
				EA1B563B2078022F00390669 /* Date+String.swift in Sources */,
				CD2B9F6D20939E3B00C91ECB /* MovieCollectionViewCell.swift in Sources */,
				CD2B9F7820939EEB00C91ECB /* MovieDetailsViewController.swift in Sources */,
				EA7B5F4D208F762100414C9B /* MovieListManager.swift in Sources */,
				CD2B9F7A2093A07400C91ECB /* FavoriteButton.swift in Sources */,
				CD2B9F7420939EDF00C91ECB /* MovieDetailsView.swift in Sources */,
				EA284CC0206D0D0200E4D7CD /* MoviesProtocol.swift in Sources */,
				EA7BDBCB20B725790022F128 /* GenreDAO+CoreDataProperties.swift in Sources */,
				EA32507E207507980018BB28 /* CollectionViewDelegate.swift in Sources */,
				CD27E24A208E291C00349B46 /* FavoriteTableViewCell.swift in Sources */,
				CD27E24C208E292700349B46 /* FavoritePersistenceService.swift in Sources */,
				EA6B116320B43C180014409F /* NSManagedContext+CRUD.swift in Sources */,
				EA284CC2206D0ED400E4D7CD /* Result.swift in Sources */,
				CDD41601206ABB9400988317 /* AppDelegate.swift in Sources */,
				EA0AA958208686370039C195 /* CellConstants.swift in Sources */,
				CD27E24E208E293000349B46 /* FavoriteTableViewDelegate.swift in Sources */,
				CD1D7F45207E7360009722FA /* UIImage+Icons.swift in Sources */,
				EA80B14C209C9701009A0CBC /* FilterViewController.swift in Sources */,
				CD27E250208E293600349B46 /* FavoritesViewController.swift in Sources */,
				CD91F9E52074413C002BB9EE /* MovieListDatasource.swift in Sources */,
				EA28EFC1207BCF0A006EB8CB /* GenresWrapper.swift in Sources */,
				CD2B9F7620939EE500C91ECB /* MovieDetailsDatasource.swift in Sources */,
				EA7D5A0520A1C35C00DF4A72 /* FilterSelectorTableView.swift in Sources */,
				EA7BDBCF20B7259B0022F128 /* MovieDAO+CoreDataProperties.swift in Sources */,
				EA7BC84320D194E300D13F93 /* Connection.swift in Sources */,
				EA80B14E209C975B009A0CBC /* FilterView.swift in Sources */,
				CDE3C3B420C1F261000A26B6 /* TabBarDelegate.swift in Sources */,
				EA7D5A0720A1D0E500DF4A72 /* FilterSelectorTableViewCell.swift in Sources */,
				EA7D5A0920A1D0F100DF4A72 /* FilterSelectorViewController.swift in Sources */,
			);
			runOnlyForDeploymentPostprocessing = 0;
		};
		CDD41610206ABB9400988317 /* Sources */ = {
			isa = PBXSourcesBuildPhase;
			buildActionMask = 2147483647;
			files = (
				CDCF6D16208FC50600D05FDF /* FavoriteDataSourceSpec.swift in Sources */,
				EA28EFBD20790A88006EB8CB /* MoviesAPIStub.swift in Sources */,
				EA4FB51D2078339900C9D47D /* MoviesAPISpec.swift in Sources */,
				CDCF6D13208FC10300D05FDF /* FavoriteTableViewDelegateStub.swift in Sources */,
				CD5A0C7720AA3F24003D778F /* MovieDetailsViewSpec.swift in Sources */,
				EAF6E04E20ACC2430077CEC7 /* MovieCollectionViewCellStub.swift in Sources */,
				CD08388920BDDD7C00D16EE7 /* FilterViewControllerStub.swift in Sources */,
				CD2E098C2092973200275914 /* FavoritesViewControllerStub.swift in Sources */,
				CD2E098B2092973200275914 /* FavoritesViewControllerSpec.swift in Sources */,
				CD08388620BDCD5700D16EE7 /* FilterViewSpec.swift in Sources */,
				EA639ADE209752AA006AC900 /* FavoritePersistenceServiceSpec.swift in Sources */,
				CD41C7AC208523CB00BC28C8 /* CollectionViewDelegateStub.swift in Sources */,
				EA639ADB20975239006AC900 /* Team4Bootcamp.xcdatamodeld in Sources */,
				CD41C7AB208523CB00BC28C8 /* CollectionViewDelegateSpec.swift in Sources */,
				CDCF6D18208FC52600D05FDF /* FavoriteDataSourceStub.swift in Sources */,
				EAF6E05020ACD62C0077CEC7 /* MovieListViewControllerStub.swift in Sources */,
				CD63A295207E7859009DE53C /* MovieListViewControllerSpec.swift in Sources */,
				EA904EA020AB2F6F00181C8E /* MovieCollectionViewCellSpec.swift in Sources */,
				CDD41619206ABB9400988317 /* Team4BootcampTests.swift in Sources */,
				CDA53CE620BDBFBE006EB21F /* FilterSelectorTableViewSpec.swift in Sources */,
				CDCF6D11208FC0FA00D05FDF /* FavoriteTableViewDelegateSpec.swift in Sources */,
				CD08388B20BDDDF000D16EE7 /* FilterViewControllerSpec.swift in Sources */,
			);
			runOnlyForDeploymentPostprocessing = 0;
		};
		CDD4161B206ABB9400988317 /* Sources */ = {
			isa = PBXSourcesBuildPhase;
			buildActionMask = 2147483647;
			files = (
				CDD41624206ABB9400988317 /* Team4BootcampUITests.swift in Sources */,
			);
			runOnlyForDeploymentPostprocessing = 0;
		};
/* End PBXSourcesBuildPhase section */

/* Begin PBXTargetDependency section */
		CDD41616206ABB9400988317 /* PBXTargetDependency */ = {
			isa = PBXTargetDependency;
			target = CDD415FC206ABB9400988317 /* Team4Bootcamp */;
			targetProxy = CDD41615206ABB9400988317 /* PBXContainerItemProxy */;
		};
		CDD41621206ABB9400988317 /* PBXTargetDependency */ = {
			isa = PBXTargetDependency;
			target = CDD415FC206ABB9400988317 /* Team4Bootcamp */;
			targetProxy = CDD41620206ABB9400988317 /* PBXContainerItemProxy */;
		};
/* End PBXTargetDependency section */

/* Begin PBXVariantGroup section */
		CDD41604206ABB9400988317 /* Main.storyboard */ = {
			isa = PBXVariantGroup;
			children = (
				CDD41605206ABB9400988317 /* Base */,
			);
			name = Main.storyboard;
			sourceTree = "<group>";
		};
		CDD4160C206ABB9400988317 /* LaunchScreen.storyboard */ = {
			isa = PBXVariantGroup;
			children = (
				CDD4160D206ABB9400988317 /* Base */,
			);
			name = LaunchScreen.storyboard;
			sourceTree = "<group>";
		};
/* End PBXVariantGroup section */

/* Begin XCBuildConfiguration section */
		CDD41626206ABB9400988317 /* Debug */ = {
			isa = XCBuildConfiguration;
			buildSettings = {
				ALWAYS_SEARCH_USER_PATHS = NO;
				CLANG_ANALYZER_NONNULL = YES;
				CLANG_ANALYZER_NUMBER_OBJECT_CONVERSION = YES_AGGRESSIVE;
				CLANG_CXX_LANGUAGE_STANDARD = "gnu++14";
				CLANG_CXX_LIBRARY = "libc++";
				CLANG_ENABLE_MODULES = YES;
				CLANG_ENABLE_OBJC_ARC = YES;
				CLANG_WARN_BLOCK_CAPTURE_AUTORELEASING = YES;
				CLANG_WARN_BOOL_CONVERSION = YES;
				CLANG_WARN_COMMA = YES;
				CLANG_WARN_CONSTANT_CONVERSION = YES;
				CLANG_WARN_DEPRECATED_OBJC_IMPLEMENTATIONS = YES;
				CLANG_WARN_DIRECT_OBJC_ISA_USAGE = YES_ERROR;
				CLANG_WARN_DOCUMENTATION_COMMENTS = YES;
				CLANG_WARN_EMPTY_BODY = YES;
				CLANG_WARN_ENUM_CONVERSION = YES;
				CLANG_WARN_INFINITE_RECURSION = YES;
				CLANG_WARN_INT_CONVERSION = YES;
				CLANG_WARN_NON_LITERAL_NULL_CONVERSION = YES;
				CLANG_WARN_OBJC_IMPLICIT_RETAIN_SELF = YES;
				CLANG_WARN_OBJC_LITERAL_CONVERSION = YES;
				CLANG_WARN_OBJC_ROOT_CLASS = YES_ERROR;
				CLANG_WARN_RANGE_LOOP_ANALYSIS = YES;
				CLANG_WARN_STRICT_PROTOTYPES = YES;
				CLANG_WARN_SUSPICIOUS_MOVE = YES;
				CLANG_WARN_UNGUARDED_AVAILABILITY = YES_AGGRESSIVE;
				CLANG_WARN_UNREACHABLE_CODE = YES;
				CLANG_WARN__DUPLICATE_METHOD_MATCH = YES;
				CODE_SIGN_IDENTITY = "iPhone Developer";
				COPY_PHASE_STRIP = NO;
				DEBUG_INFORMATION_FORMAT = dwarf;
				ENABLE_STRICT_OBJC_MSGSEND = YES;
				ENABLE_TESTABILITY = YES;
				GCC_C_LANGUAGE_STANDARD = gnu11;
				GCC_DYNAMIC_NO_PIC = NO;
				GCC_NO_COMMON_BLOCKS = YES;
				GCC_OPTIMIZATION_LEVEL = 0;
				GCC_PREPROCESSOR_DEFINITIONS = (
					"DEBUG=1",
					"$(inherited)",
				);
				GCC_WARN_64_TO_32_BIT_CONVERSION = YES;
				GCC_WARN_ABOUT_RETURN_TYPE = YES_ERROR;
				GCC_WARN_UNDECLARED_SELECTOR = YES;
				GCC_WARN_UNINITIALIZED_AUTOS = YES_AGGRESSIVE;
				GCC_WARN_UNUSED_FUNCTION = YES;
				GCC_WARN_UNUSED_VARIABLE = YES;
				IPHONEOS_DEPLOYMENT_TARGET = 11.2;
				MTL_ENABLE_DEBUG_INFO = YES;
				ONLY_ACTIVE_ARCH = YES;
				SDKROOT = iphoneos;
				SWIFT_ACTIVE_COMPILATION_CONDITIONS = DEBUG;
				SWIFT_OPTIMIZATION_LEVEL = "-Onone";
			};
			name = Debug;
		};
		CDD41627206ABB9400988317 /* Release */ = {
			isa = XCBuildConfiguration;
			buildSettings = {
				ALWAYS_SEARCH_USER_PATHS = NO;
				CLANG_ANALYZER_NONNULL = YES;
				CLANG_ANALYZER_NUMBER_OBJECT_CONVERSION = YES_AGGRESSIVE;
				CLANG_CXX_LANGUAGE_STANDARD = "gnu++14";
				CLANG_CXX_LIBRARY = "libc++";
				CLANG_ENABLE_MODULES = YES;
				CLANG_ENABLE_OBJC_ARC = YES;
				CLANG_WARN_BLOCK_CAPTURE_AUTORELEASING = YES;
				CLANG_WARN_BOOL_CONVERSION = YES;
				CLANG_WARN_COMMA = YES;
				CLANG_WARN_CONSTANT_CONVERSION = YES;
				CLANG_WARN_DEPRECATED_OBJC_IMPLEMENTATIONS = YES;
				CLANG_WARN_DIRECT_OBJC_ISA_USAGE = YES_ERROR;
				CLANG_WARN_DOCUMENTATION_COMMENTS = YES;
				CLANG_WARN_EMPTY_BODY = YES;
				CLANG_WARN_ENUM_CONVERSION = YES;
				CLANG_WARN_INFINITE_RECURSION = YES;
				CLANG_WARN_INT_CONVERSION = YES;
				CLANG_WARN_NON_LITERAL_NULL_CONVERSION = YES;
				CLANG_WARN_OBJC_IMPLICIT_RETAIN_SELF = YES;
				CLANG_WARN_OBJC_LITERAL_CONVERSION = YES;
				CLANG_WARN_OBJC_ROOT_CLASS = YES_ERROR;
				CLANG_WARN_RANGE_LOOP_ANALYSIS = YES;
				CLANG_WARN_STRICT_PROTOTYPES = YES;
				CLANG_WARN_SUSPICIOUS_MOVE = YES;
				CLANG_WARN_UNGUARDED_AVAILABILITY = YES_AGGRESSIVE;
				CLANG_WARN_UNREACHABLE_CODE = YES;
				CLANG_WARN__DUPLICATE_METHOD_MATCH = YES;
				CODE_SIGN_IDENTITY = "iPhone Developer";
				COPY_PHASE_STRIP = NO;
				DEBUG_INFORMATION_FORMAT = "dwarf-with-dsym";
				ENABLE_NS_ASSERTIONS = NO;
				ENABLE_STRICT_OBJC_MSGSEND = YES;
				GCC_C_LANGUAGE_STANDARD = gnu11;
				GCC_NO_COMMON_BLOCKS = YES;
				GCC_WARN_64_TO_32_BIT_CONVERSION = YES;
				GCC_WARN_ABOUT_RETURN_TYPE = YES_ERROR;
				GCC_WARN_UNDECLARED_SELECTOR = YES;
				GCC_WARN_UNINITIALIZED_AUTOS = YES_AGGRESSIVE;
				GCC_WARN_UNUSED_FUNCTION = YES;
				GCC_WARN_UNUSED_VARIABLE = YES;
				IPHONEOS_DEPLOYMENT_TARGET = 11.2;
				MTL_ENABLE_DEBUG_INFO = NO;
				SDKROOT = iphoneos;
				SWIFT_OPTIMIZATION_LEVEL = "-Owholemodule";
				VALIDATE_PRODUCT = YES;
			};
			name = Release;
		};
		CDD41629206ABB9400988317 /* Debug */ = {
			isa = XCBuildConfiguration;
			buildSettings = {
				ASSETCATALOG_COMPILER_APPICON_NAME = AppIcon;
				CODE_SIGN_STYLE = Automatic;
				DEVELOPMENT_TEAM = 83C3V38WSB;
				FRAMEWORK_SEARCH_PATHS = (
					"$(inherited)",
					"$(PROJECT_DIR)/Carthage/Build/iOS",
				);
				INFOPLIST_FILE = "$(SRCROOT)/Team4Bootcamp/Supporting Files/Info.plist";
				LD_RUNPATH_SEARCH_PATHS = "$(inherited) @executable_path/Frameworks";
				PRODUCT_BUNDLE_IDENTIFIER = br.com.concrete.Team4Bootcamp;
				PRODUCT_NAME = "$(TARGET_NAME)";
				SWIFT_VERSION = 4.0;
				TARGETED_DEVICE_FAMILY = "1,2";
			};
			name = Debug;
		};
		CDD4162A206ABB9400988317 /* Release */ = {
			isa = XCBuildConfiguration;
			buildSettings = {
				ASSETCATALOG_COMPILER_APPICON_NAME = AppIcon;
				CODE_SIGN_STYLE = Automatic;
				DEVELOPMENT_TEAM = 83C3V38WSB;
				FRAMEWORK_SEARCH_PATHS = (
					"$(inherited)",
					"$(PROJECT_DIR)/Carthage/Build/iOS",
				);
				INFOPLIST_FILE = "$(SRCROOT)/Team4Bootcamp/Supporting Files/Info.plist";
				LD_RUNPATH_SEARCH_PATHS = "$(inherited) @executable_path/Frameworks";
				PRODUCT_BUNDLE_IDENTIFIER = br.com.concrete.Team4Bootcamp;
				PRODUCT_NAME = "$(TARGET_NAME)";
				SWIFT_VERSION = 4.0;
				TARGETED_DEVICE_FAMILY = "1,2";
			};
			name = Release;
		};
		CDD4162C206ABB9400988317 /* Debug */ = {
			isa = XCBuildConfiguration;
			buildSettings = {
				ALWAYS_EMBED_SWIFT_STANDARD_LIBRARIES = YES;
				BUNDLE_LOADER = "$(TEST_HOST)";
				CODE_SIGN_STYLE = Automatic;
				FRAMEWORK_SEARCH_PATHS = (
					"$(inherited)",
					"$(PROJECT_DIR)/Carthage/Build/iOS",
				);
				INFOPLIST_FILE = Team4BootcampTests/Info.plist;
				LD_RUNPATH_SEARCH_PATHS = "$(inherited) @executable_path/Frameworks @loader_path/Frameworks";
				PRODUCT_BUNDLE_IDENTIFIER = br.com.concrete.Team4BootcampTests;
				PRODUCT_NAME = "$(TARGET_NAME)";
				SWIFT_VERSION = 4.0;
				TARGETED_DEVICE_FAMILY = "1,2";
				TEST_HOST = "$(BUILT_PRODUCTS_DIR)/Team4Bootcamp.app/Team4Bootcamp";
			};
			name = Debug;
		};
		CDD4162D206ABB9400988317 /* Release */ = {
			isa = XCBuildConfiguration;
			buildSettings = {
				ALWAYS_EMBED_SWIFT_STANDARD_LIBRARIES = YES;
				BUNDLE_LOADER = "$(TEST_HOST)";
				CODE_SIGN_STYLE = Automatic;
				FRAMEWORK_SEARCH_PATHS = (
					"$(inherited)",
					"$(PROJECT_DIR)/Carthage/Build/iOS",
				);
				INFOPLIST_FILE = Team4BootcampTests/Info.plist;
				LD_RUNPATH_SEARCH_PATHS = "$(inherited) @executable_path/Frameworks @loader_path/Frameworks";
				PRODUCT_BUNDLE_IDENTIFIER = br.com.concrete.Team4BootcampTests;
				PRODUCT_NAME = "$(TARGET_NAME)";
				SWIFT_VERSION = 4.0;
				TARGETED_DEVICE_FAMILY = "1,2";
				TEST_HOST = "$(BUILT_PRODUCTS_DIR)/Team4Bootcamp.app/Team4Bootcamp";
			};
			name = Release;
		};
		CDD4162F206ABB9400988317 /* Debug */ = {
			isa = XCBuildConfiguration;
			buildSettings = {
				ALWAYS_EMBED_SWIFT_STANDARD_LIBRARIES = YES;
				CODE_SIGN_STYLE = Automatic;
				INFOPLIST_FILE = Team4BootcampUITests/Info.plist;
				LD_RUNPATH_SEARCH_PATHS = "$(inherited) @executable_path/Frameworks @loader_path/Frameworks";
				PRODUCT_BUNDLE_IDENTIFIER = br.com.concrete.Team4BootcampUITests;
				PRODUCT_NAME = "$(TARGET_NAME)";
				SWIFT_VERSION = 4.0;
				TARGETED_DEVICE_FAMILY = "1,2";
				TEST_TARGET_NAME = Team4Bootcamp;
			};
			name = Debug;
		};
		CDD41630206ABB9400988317 /* Release */ = {
			isa = XCBuildConfiguration;
			buildSettings = {
				ALWAYS_EMBED_SWIFT_STANDARD_LIBRARIES = YES;
				CODE_SIGN_STYLE = Automatic;
				INFOPLIST_FILE = Team4BootcampUITests/Info.plist;
				LD_RUNPATH_SEARCH_PATHS = "$(inherited) @executable_path/Frameworks @loader_path/Frameworks";
				PRODUCT_BUNDLE_IDENTIFIER = br.com.concrete.Team4BootcampUITests;
				PRODUCT_NAME = "$(TARGET_NAME)";
				SWIFT_VERSION = 4.0;
				TARGETED_DEVICE_FAMILY = "1,2";
				TEST_TARGET_NAME = Team4Bootcamp;
			};
			name = Release;
		};
/* End XCBuildConfiguration section */

/* Begin XCConfigurationList section */
		CDD415F8206ABB9400988317 /* Build configuration list for PBXProject "Team4Bootcamp" */ = {
			isa = XCConfigurationList;
			buildConfigurations = (
				CDD41626206ABB9400988317 /* Debug */,
				CDD41627206ABB9400988317 /* Release */,
			);
			defaultConfigurationIsVisible = 0;
			defaultConfigurationName = Release;
		};
		CDD41628206ABB9400988317 /* Build configuration list for PBXNativeTarget "Team4Bootcamp" */ = {
			isa = XCConfigurationList;
			buildConfigurations = (
				CDD41629206ABB9400988317 /* Debug */,
				CDD4162A206ABB9400988317 /* Release */,
			);
			defaultConfigurationIsVisible = 0;
			defaultConfigurationName = Release;
		};
		CDD4162B206ABB9400988317 /* Build configuration list for PBXNativeTarget "Team4BootcampTests" */ = {
			isa = XCConfigurationList;
			buildConfigurations = (
				CDD4162C206ABB9400988317 /* Debug */,
				CDD4162D206ABB9400988317 /* Release */,
			);
			defaultConfigurationIsVisible = 0;
			defaultConfigurationName = Release;
		};
		CDD4162E206ABB9400988317 /* Build configuration list for PBXNativeTarget "Team4BootcampUITests" */ = {
			isa = XCConfigurationList;
			buildConfigurations = (
				CDD4162F206ABB9400988317 /* Debug */,
				CDD41630206ABB9400988317 /* Release */,
			);
			defaultConfigurationIsVisible = 0;
			defaultConfigurationName = Release;
		};
/* End XCConfigurationList section */

/* Begin XCVersionGroup section */
		CDD41607206ABB9400988317 /* Team4Bootcamp.xcdatamodeld */ = {
			isa = XCVersionGroup;
			children = (
				CDD41608206ABB9400988317 /* Team4Bootcamp.xcdatamodel */,
			);
			currentVersion = CDD41608206ABB9400988317 /* Team4Bootcamp.xcdatamodel */;
			path = Team4Bootcamp.xcdatamodeld;
			sourceTree = "<group>";
			versionGroupType = wrapper.xcdatamodel;
		};
/* End XCVersionGroup section */
	};
	rootObject = CDD415F5206ABB9400988317 /* Project object */;
}
